PODS:
  - Alamofire (5.4.4)
  - SDWebImage (5.12.0):
    - SDWebImage/Core (= 5.12.0)
  - SDWebImage/Core (5.12.0)

DEPENDENCIES:
  - Alamofire
  - SDWebImage

SPEC REPOS:
  https://github.com/CocoaPods/Specs.git:
    - Alamofire
    - SDWebImage

SPEC CHECKSUMS:
  Alamofire: f3b09a368f1582ab751b3fff5460276e0d2cf5c9
  SDWebImage: 4ea20cca2986adc5aacde07aa686742fd4c67a37

PODFILE CHECKSUM: 07056f748c140ba7e0b2cd856992c211e8548a3c

COCOAPODS: 1.11.2
